// !$*UTF8*$!
{
	archiveVersion = 1;
	classes = {
	};
	objectVersion = 50;
	objects = {

/* Begin PBXBuildFile section */
		25E83EEEC4D05A194D9CC569 /* Pods_ChuckNorris.framework in Frameworks */ = {isa = PBXBuildFile; fileRef = B13A9469826F20ECC64E7236 /* Pods_ChuckNorris.framework */; };
		2D6ECD1821ADF2230091E3F9 /* APIManager.swift in Sources */ = {isa = PBXBuildFile; fileRef = 2D6ECD1721ADF2230091E3F9 /* APIManager.swift */; };
		2D6ECD1A21ADF37C0091E3F9 /* CustomTypes.swift in Sources */ = {isa = PBXBuildFile; fileRef = 2D6ECD1921ADF37C0091E3F9 /* CustomTypes.swift */; };
		2D6ECD2421AE10D00091E3F9 /* ListViewModel.swift in Sources */ = {isa = PBXBuildFile; fileRef = 2D6ECD2321AE10D00091E3F9 /* ListViewModel.swift */; };
		2D6ECD2621AE16C20091E3F9 /* ListViewController+TableView.swift in Sources */ = {isa = PBXBuildFile; fileRef = 2D6ECD2521AE16C20091E3F9 /* ListViewController+TableView.swift */; };
		2D6ECD2821AE16D30091E3F9 /* ListViewController+ListView.swift in Sources */ = {isa = PBXBuildFile; fileRef = 2D6ECD2721AE16D30091E3F9 /* ListViewController+ListView.swift */; };
		2D6ECD2A21AE36B40091E3F9 /* CategoryDetail.swift in Sources */ = {isa = PBXBuildFile; fileRef = 2D6ECD2921AE36B40091E3F9 /* CategoryDetail.swift */; };
		2D6ECD2C21AE3BF80091E3F9 /* CategoryDetailViewController.swift in Sources */ = {isa = PBXBuildFile; fileRef = 2D6ECD2B21AE3BF80091E3F9 /* CategoryDetailViewController.swift */; };
		2D6ECD2E21AE3EC90091E3F9 /* CategoriesDetailViewModel.swift in Sources */ = {isa = PBXBuildFile; fileRef = 2D6ECD2D21AE3EC90091E3F9 /* CategoriesDetailViewModel.swift */; };
		2D6ECD3721B24E750091E3F9 /* Extensions.swift in Sources */ = {isa = PBXBuildFile; fileRef = 2D6ECD3621B24E750091E3F9 /* Extensions.swift */; };
		2D6ECD3921B250C40091E3F9 /* Utils.swift in Sources */ = {isa = PBXBuildFile; fileRef = 2D6ECD3821B250C40091E3F9 /* Utils.swift */; };
		2D83881421B4B6F300027169 /* ChuckNorrisTests.swift in Sources */ = {isa = PBXBuildFile; fileRef = 2D83881321B4B6F300027169 /* ChuckNorrisTests.swift */; };
		2D83881C21B4EDEF00027169 /* CategoryDetailViewController+CategoryDetailView.swift in Sources */ = {isa = PBXBuildFile; fileRef = 2D83881B21B4EDEF00027169 /* CategoryDetailViewController+CategoryDetailView.swift */; };
		2D9C115421ADDEA900A4B594 /* AppDelegate.swift in Sources */ = {isa = PBXBuildFile; fileRef = 2D9C115321ADDEA900A4B594 /* AppDelegate.swift */; };
		2D9C115621ADDEA900A4B594 /* ListViewController.swift in Sources */ = {isa = PBXBuildFile; fileRef = 2D9C115521ADDEA900A4B594 /* ListViewController.swift */; };
		2D9C115921ADDEA900A4B594 /* Main.storyboard in Resources */ = {isa = PBXBuildFile; fileRef = 2D9C115721ADDEA900A4B594 /* Main.storyboard */; };
		2D9C115E21ADDEAB00A4B594 /* Assets.xcassets in Resources */ = {isa = PBXBuildFile; fileRef = 2D9C115D21ADDEAB00A4B594 /* Assets.xcassets */; };
		2D9C116121ADDEAB00A4B594 /* LaunchScreen.storyboard in Resources */ = {isa = PBXBuildFile; fileRef = 2D9C115F21ADDEAB00A4B594 /* LaunchScreen.storyboard */; };
/* End PBXBuildFile section */

/* Begin PBXContainerItemProxy section */
		2D83881621B4B6F400027169 /* PBXContainerItemProxy */ = {
			isa = PBXContainerItemProxy;
			containerPortal = 2D9C114821ADDEA900A4B594 /* Project object */;
			proxyType = 1;
			remoteGlobalIDString = 2D9C114F21ADDEA900A4B594;
			remoteInfo = ChuckNorris;
		};
/* End PBXContainerItemProxy section */

/* Begin PBXFileReference section */
		2D6ECD1721ADF2230091E3F9 /* APIManager.swift */ = {isa = PBXFileReference; lastKnownFileType = sourcecode.swift; path = APIManager.swift; sourceTree = "<group>"; };
		2D6ECD1921ADF37C0091E3F9 /* CustomTypes.swift */ = {isa = PBXFileReference; lastKnownFileType = sourcecode.swift; path = CustomTypes.swift; sourceTree = "<group>"; };
		2D6ECD2321AE10D00091E3F9 /* ListViewModel.swift */ = {isa = PBXFileReference; lastKnownFileType = sourcecode.swift; path = ListViewModel.swift; sourceTree = "<group>"; };
		2D6ECD2521AE16C20091E3F9 /* ListViewController+TableView.swift */ = {isa = PBXFileReference; lastKnownFileType = sourcecode.swift; path = "ListViewController+TableView.swift"; sourceTree = "<group>"; };
		2D6ECD2721AE16D30091E3F9 /* ListViewController+ListView.swift */ = {isa = PBXFileReference; lastKnownFileType = sourcecode.swift; path = "ListViewController+ListView.swift"; sourceTree = "<group>"; };
		2D6ECD2921AE36B40091E3F9 /* CategoryDetail.swift */ = {isa = PBXFileReference; lastKnownFileType = sourcecode.swift; path = CategoryDetail.swift; sourceTree = "<group>"; };
		2D6ECD2B21AE3BF80091E3F9 /* CategoryDetailViewController.swift */ = {isa = PBXFileReference; lastKnownFileType = sourcecode.swift; path = CategoryDetailViewController.swift; sourceTree = "<group>"; };
		2D6ECD2D21AE3EC90091E3F9 /* CategoriesDetailViewModel.swift */ = {isa = PBXFileReference; lastKnownFileType = sourcecode.swift; path = CategoriesDetailViewModel.swift; sourceTree = "<group>"; };
		2D6ECD3621B24E750091E3F9 /* Extensions.swift */ = {isa = PBXFileReference; lastKnownFileType = sourcecode.swift; path = Extensions.swift; sourceTree = "<group>"; };
		2D6ECD3821B250C40091E3F9 /* Utils.swift */ = {isa = PBXFileReference; lastKnownFileType = sourcecode.swift; path = Utils.swift; sourceTree = "<group>"; };
		2D83881121B4B6F300027169 /* ChuckNorrisTests.xctest */ = {isa = PBXFileReference; explicitFileType = wrapper.cfbundle; includeInIndex = 0; path = ChuckNorrisTests.xctest; sourceTree = BUILT_PRODUCTS_DIR; };
		2D83881321B4B6F300027169 /* ChuckNorrisTests.swift */ = {isa = PBXFileReference; lastKnownFileType = sourcecode.swift; path = ChuckNorrisTests.swift; sourceTree = "<group>"; };
		2D83881521B4B6F400027169 /* Info.plist */ = {isa = PBXFileReference; lastKnownFileType = text.plist.xml; path = Info.plist; sourceTree = "<group>"; };
		2D83881B21B4EDEF00027169 /* CategoryDetailViewController+CategoryDetailView.swift */ = {isa = PBXFileReference; lastKnownFileType = sourcecode.swift; path = "CategoryDetailViewController+CategoryDetailView.swift"; sourceTree = "<group>"; };
		2D9C115021ADDEA900A4B594 /* ChuckNorris.app */ = {isa = PBXFileReference; explicitFileType = wrapper.application; includeInIndex = 0; path = ChuckNorris.app; sourceTree = BUILT_PRODUCTS_DIR; };
		2D9C115321ADDEA900A4B594 /* AppDelegate.swift */ = {isa = PBXFileReference; lastKnownFileType = sourcecode.swift; path = AppDelegate.swift; sourceTree = "<group>"; };
		2D9C115521ADDEA900A4B594 /* ListViewController.swift */ = {isa = PBXFileReference; lastKnownFileType = sourcecode.swift; path = ListViewController.swift; sourceTree = "<group>"; };
		2D9C115821ADDEA900A4B594 /* Base */ = {isa = PBXFileReference; lastKnownFileType = file.storyboard; name = Base; path = Base.lproj/Main.storyboard; sourceTree = "<group>"; };
		2D9C115D21ADDEAB00A4B594 /* Assets.xcassets */ = {isa = PBXFileReference; lastKnownFileType = folder.assetcatalog; path = Assets.xcassets; sourceTree = "<group>"; };
		2D9C116021ADDEAB00A4B594 /* Base */ = {isa = PBXFileReference; lastKnownFileType = file.storyboard; name = Base; path = Base.lproj/LaunchScreen.storyboard; sourceTree = "<group>"; };
		2D9C116221ADDEAB00A4B594 /* Info.plist */ = {isa = PBXFileReference; lastKnownFileType = text.plist.xml; path = Info.plist; sourceTree = "<group>"; };
		8B658493193730F2C3D56C7C /* Pods-ChuckNorrisTest.debug.xcconfig */ = {isa = PBXFileReference; includeInIndex = 1; lastKnownFileType = text.xcconfig; name = "Pods-ChuckNorrisTest.debug.xcconfig"; path = "Pods/Target Support Files/Pods-ChuckNorrisTest/Pods-ChuckNorrisTest.debug.xcconfig"; sourceTree = "<group>"; };
		B13A9469826F20ECC64E7236 /* Pods_ChuckNorris.framework */ = {isa = PBXFileReference; explicitFileType = wrapper.framework; includeInIndex = 0; path = Pods_ChuckNorris.framework; sourceTree = BUILT_PRODUCTS_DIR; };
		C25BC07F513695710E4D27FA /* Pods-ChuckNorris.release.xcconfig */ = {isa = PBXFileReference; includeInIndex = 1; lastKnownFileType = text.xcconfig; name = "Pods-ChuckNorris.release.xcconfig"; path = "Pods/Target Support Files/Pods-ChuckNorris/Pods-ChuckNorris.release.xcconfig"; sourceTree = "<group>"; };
		EA14C89E3C62DB0C9EC0A7DE /* Pods-ChuckNorrisTest.release.xcconfig */ = {isa = PBXFileReference; includeInIndex = 1; lastKnownFileType = text.xcconfig; name = "Pods-ChuckNorrisTest.release.xcconfig"; path = "Pods/Target Support Files/Pods-ChuckNorrisTest/Pods-ChuckNorrisTest.release.xcconfig"; sourceTree = "<group>"; };
		FDC36CCAB6BD991DACDB4991 /* Pods-ChuckNorris.debug.xcconfig */ = {isa = PBXFileReference; includeInIndex = 1; lastKnownFileType = text.xcconfig; name = "Pods-ChuckNorris.debug.xcconfig"; path = "Pods/Target Support Files/Pods-ChuckNorris/Pods-ChuckNorris.debug.xcconfig"; sourceTree = "<group>"; };
/* End PBXFileReference section */

/* Begin PBXFrameworksBuildPhase section */
		2D83880E21B4B6F300027169 /* Frameworks */ = {
			isa = PBXFrameworksBuildPhase;
			buildActionMask = 2147483647;
			files = (
			);
			runOnlyForDeploymentPostprocessing = 0;
		};
		2D9C114D21ADDEA900A4B594 /* Frameworks */ = {
			isa = PBXFrameworksBuildPhase;
			buildActionMask = 2147483647;
			files = (
				25E83EEEC4D05A194D9CC569 /* Pods_ChuckNorris.framework in Frameworks */,
			);
			runOnlyForDeploymentPostprocessing = 0;
		};
/* End PBXFrameworksBuildPhase section */

/* Begin PBXGroup section */
		2D6ECD1B21ADF8A30091E3F9 /* Model */ = {
			isa = PBXGroup;
			children = (
				2D6ECD1921ADF37C0091E3F9 /* CustomTypes.swift */,
				2D6ECD2921AE36B40091E3F9 /* CategoryDetail.swift */,
			);
			path = Model;
			sourceTree = "<group>";
		};
		2D6ECD1C21AE0BB70091E3F9 /* ViewModels */ = {
			isa = PBXGroup;
			children = (
				2D6ECD2321AE10D00091E3F9 /* ListViewModel.swift */,
				2D6ECD2D21AE3EC90091E3F9 /* CategoriesDetailViewModel.swift */,
			);
			path = ViewModels;
			sourceTree = "<group>";
		};
		2D6ECD1D21AE0BC90091E3F9 /* Supporting Files */ = {
			isa = PBXGroup;
			children = (
				2D9C115321ADDEA900A4B594 /* AppDelegate.swift */,
				2D9C115D21ADDEAB00A4B594 /* Assets.xcassets */,
				2D9C116221ADDEAB00A4B594 /* Info.plist */,
			);
			path = "Supporting Files";
			sourceTree = "<group>";
		};
		2D6ECD1E21AE0BF90091E3F9 /* Storyboards */ = {
			isa = PBXGroup;
			children = (
				2D9C115721ADDEA900A4B594 /* Main.storyboard */,
				2D9C115F21ADDEAB00A4B594 /* LaunchScreen.storyboard */,
			);
			path = Storyboards;
			sourceTree = "<group>";
		};
		2D6ECD1F21AE0C1A0091E3F9 /* ViewControllers */ = {
			isa = PBXGroup;
			children = (
				2D9C115521ADDEA900A4B594 /* ListViewController.swift */,
				2D6ECD2521AE16C20091E3F9 /* ListViewController+TableView.swift */,
				2D6ECD2721AE16D30091E3F9 /* ListViewController+ListView.swift */,
				2D6ECD2B21AE3BF80091E3F9 /* CategoryDetailViewController.swift */,
				2D83881B21B4EDEF00027169 /* CategoryDetailViewController+CategoryDetailView.swift */,
			);
			path = ViewControllers;
			sourceTree = "<group>";
		};
		2D6ECD3521B24E440091E3F9 /* Utils */ = {
			isa = PBXGroup;
			children = (
				2D6ECD3621B24E750091E3F9 /* Extensions.swift */,
				2D6ECD3821B250C40091E3F9 /* Utils.swift */,
			);
			path = Utils;
			sourceTree = "<group>";
		};
		2D83881221B4B6F300027169 /* ChuckNorrisTests */ = {
			isa = PBXGroup;
			children = (
				2D83881321B4B6F300027169 /* ChuckNorrisTests.swift */,
				2D83881521B4B6F400027169 /* Info.plist */,
			);
			path = ChuckNorrisTests;
			sourceTree = "<group>";
		};
		2D9C114721ADDEA900A4B594 = {
			isa = PBXGroup;
			children = (
				2D9C115221ADDEA900A4B594 /* ChuckNorris */,
				2D83881221B4B6F300027169 /* ChuckNorrisTests */,
				2D9C115121ADDEA900A4B594 /* Products */,
				9D56E2AB0116737E2A169226 /* Pods */,
				82A9D419E6F442422F6E4EA1 /* Frameworks */,
			);
			sourceTree = "<group>";
		};
		2D9C115121ADDEA900A4B594 /* Products */ = {
			isa = PBXGroup;
			children = (
				2D9C115021ADDEA900A4B594 /* ChuckNorris.app */,
				2D83881121B4B6F300027169 /* ChuckNorrisTests.xctest */,
			);
			name = Products;
			sourceTree = "<group>";
		};
		2D9C115221ADDEA900A4B594 /* ChuckNorris */ = {
			isa = PBXGroup;
			children = (
				2D6ECD1B21ADF8A30091E3F9 /* Model */,
				2D9C117221ADF01700A4B594 /* Services */,
				2D6ECD1C21AE0BB70091E3F9 /* ViewModels */,
				2D6ECD1F21AE0C1A0091E3F9 /* ViewControllers */,
				2D6ECD1E21AE0BF90091E3F9 /* Storyboards */,
				2D6ECD1D21AE0BC90091E3F9 /* Supporting Files */,
				2D6ECD3521B24E440091E3F9 /* Utils */,
			);
			path = ChuckNorris;
			sourceTree = "<group>";
		};
		2D9C117221ADF01700A4B594 /* Services */ = {
			isa = PBXGroup;
			children = (
				2D6ECD1721ADF2230091E3F9 /* APIManager.swift */,
			);
			path = Services;
			sourceTree = "<group>";
		};
		82A9D419E6F442422F6E4EA1 /* Frameworks */ = {
			isa = PBXGroup;
			children = (
				B13A9469826F20ECC64E7236 /* Pods_ChuckNorris.framework */,
			);
			name = Frameworks;
			sourceTree = "<group>";
		};
		9D56E2AB0116737E2A169226 /* Pods */ = {
			isa = PBXGroup;
			children = (
				FDC36CCAB6BD991DACDB4991 /* Pods-ChuckNorris.debug.xcconfig */,
				C25BC07F513695710E4D27FA /* Pods-ChuckNorris.release.xcconfig */,
				8B658493193730F2C3D56C7C /* Pods-ChuckNorrisTest.debug.xcconfig */,
				EA14C89E3C62DB0C9EC0A7DE /* Pods-ChuckNorrisTest.release.xcconfig */,
			);
			name = Pods;
			sourceTree = "<group>";
		};
/* End PBXGroup section */

/* Begin PBXNativeTarget section */
		2D83881021B4B6F300027169 /* ChuckNorrisTests */ = {
			isa = PBXNativeTarget;
			buildConfigurationList = 2D83881821B4B6F400027169 /* Build configuration list for PBXNativeTarget "ChuckNorrisTests" */;
			buildPhases = (
				2D83880D21B4B6F300027169 /* Sources */,
				2D83880E21B4B6F300027169 /* Frameworks */,
				2D83880F21B4B6F300027169 /* Resources */,
			);
			buildRules = (
			);
			dependencies = (
				2D83881721B4B6F400027169 /* PBXTargetDependency */,
			);
			name = ChuckNorrisTests;
			productName = ChuckNorrisTests;
			productReference = 2D83881121B4B6F300027169 /* ChuckNorrisTests.xctest */;
			productType = "com.apple.product-type.bundle.unit-test";
		};
		2D9C114F21ADDEA900A4B594 /* ChuckNorris */ = {
			isa = PBXNativeTarget;
			buildConfigurationList = 2D9C116521ADDEAB00A4B594 /* Build configuration list for PBXNativeTarget "ChuckNorris" */;
			buildPhases = (
				38FCEB54490EDF03AE9B22AA /* [CP] Check Pods Manifest.lock */,
				2D9C114C21ADDEA900A4B594 /* Sources */,
				2D9C114D21ADDEA900A4B594 /* Frameworks */,
				2D9C114E21ADDEA900A4B594 /* Resources */,
				F60A772DBE08C4FDF2C19983 /* [CP] Embed Pods Frameworks */,
			);
			buildRules = (
			);
			dependencies = (
			);
			name = ChuckNorris;
			productName = ChuckNorris;
			productReference = 2D9C115021ADDEA900A4B594 /* ChuckNorris.app */;
			productType = "com.apple.product-type.application";
		};
/* End PBXNativeTarget section */

/* Begin PBXProject section */
		2D9C114821ADDEA900A4B594 /* Project object */ = {
			isa = PBXProject;
			attributes = {
				LastSwiftUpdateCheck = 1000;
				LastUpgradeCheck = 1000;
				ORGANIZATIONNAME = "Thiago Cavalcante de Oliveira";
				TargetAttributes = {
					2D83881021B4B6F300027169 = {
						CreatedOnToolsVersion = 10.0;
						TestTargetID = 2D9C114F21ADDEA900A4B594;
					};
					2D9C114F21ADDEA900A4B594 = {
						CreatedOnToolsVersion = 10.0;
					};
				};
			};
			buildConfigurationList = 2D9C114B21ADDEA900A4B594 /* Build configuration list for PBXProject "ChuckNorris" */;
			compatibilityVersion = "Xcode 9.3";
			developmentRegion = en;
			hasScannedForEncodings = 0;
			knownRegions = (
				en,
				Base,
			);
			mainGroup = 2D9C114721ADDEA900A4B594;
			productRefGroup = 2D9C115121ADDEA900A4B594 /* Products */;
			projectDirPath = "";
			projectRoot = "";
			targets = (
				2D9C114F21ADDEA900A4B594 /* ChuckNorris */,
				2D83881021B4B6F300027169 /* ChuckNorrisTests */,
			);
		};
/* End PBXProject section */

/* Begin PBXResourcesBuildPhase section */
		2D83880F21B4B6F300027169 /* Resources */ = {
			isa = PBXResourcesBuildPhase;
			buildActionMask = 2147483647;
			files = (
			);
			runOnlyForDeploymentPostprocessing = 0;
		};
		2D9C114E21ADDEA900A4B594 /* Resources */ = {
			isa = PBXResourcesBuildPhase;
			buildActionMask = 2147483647;
			files = (
				2D9C116121ADDEAB00A4B594 /* LaunchScreen.storyboard in Resources */,
				2D9C115E21ADDEAB00A4B594 /* Assets.xcassets in Resources */,
				2D9C115921ADDEA900A4B594 /* Main.storyboard in Resources */,
			);
			runOnlyForDeploymentPostprocessing = 0;
		};
/* End PBXResourcesBuildPhase section */

/* Begin PBXShellScriptBuildPhase section */
		38FCEB54490EDF03AE9B22AA /* [CP] Check Pods Manifest.lock */ = {
			isa = PBXShellScriptBuildPhase;
			buildActionMask = 2147483647;
			files = (
			);
			inputFileListPaths = (
			);
			inputPaths = (
				"${PODS_PODFILE_DIR_PATH}/Podfile.lock",
				"${PODS_ROOT}/Manifest.lock",
			);
			name = "[CP] Check Pods Manifest.lock";
			outputFileListPaths = (
			);
			outputPaths = (
				"$(DERIVED_FILE_DIR)/Pods-ChuckNorris-checkManifestLockResult.txt",
			);
			runOnlyForDeploymentPostprocessing = 0;
			shellPath = /bin/sh;
			shellScript = "diff \"${PODS_PODFILE_DIR_PATH}/Podfile.lock\" \"${PODS_ROOT}/Manifest.lock\" > /dev/null\nif [ $? != 0 ] ; then\n    # print error to STDERR\n    echo \"error: The sandbox is not in sync with the Podfile.lock. Run 'pod install' or update your CocoaPods installation.\" >&2\n    exit 1\nfi\n# This output is used by Xcode 'outputs' to avoid re-running this script phase.\necho \"SUCCESS\" > \"${SCRIPT_OUTPUT_FILE_0}\"\n";
			showEnvVarsInLog = 0;
		};
		F60A772DBE08C4FDF2C19983 /* [CP] Embed Pods Frameworks */ = {
			isa = PBXShellScriptBuildPhase;
			buildActionMask = 2147483647;
			files = (
			);
			inputFileListPaths = (
			);
			inputPaths = (
				"${SRCROOT}/Pods/Target Support Files/Pods-ChuckNorris/Pods-ChuckNorris-frameworks.sh",
				"${BUILT_PRODUCTS_DIR}/Alamofire/Alamofire.framework",
				"${BUILT_PRODUCTS_DIR}/SDWebImage/SDWebImage.framework",
			);
			name = "[CP] Embed Pods Frameworks";
			outputFileListPaths = (
			);
			outputPaths = (
				"${TARGET_BUILD_DIR}/${FRAMEWORKS_FOLDER_PATH}/Alamofire.framework",
				"${TARGET_BUILD_DIR}/${FRAMEWORKS_FOLDER_PATH}/SDWebImage.framework",
			);
			runOnlyForDeploymentPostprocessing = 0;
			shellPath = /bin/sh;
			shellScript = "\"${SRCROOT}/Pods/Target Support Files/Pods-ChuckNorris/Pods-ChuckNorris-frameworks.sh\"\n";
			showEnvVarsInLog = 0;
		};
/* End PBXShellScriptBuildPhase section */

/* Begin PBXSourcesBuildPhase section */
		2D83880D21B4B6F300027169 /* Sources */ = {
			isa = PBXSourcesBuildPhase;
			buildActionMask = 2147483647;
			files = (
				2D83881421B4B6F300027169 /* ChuckNorrisTests.swift in Sources */,
			);
			runOnlyForDeploymentPostprocessing = 0;
		};
		2D9C114C21ADDEA900A4B594 /* Sources */ = {
			isa = PBXSourcesBuildPhase;
			buildActionMask = 2147483647;
			files = (
				2D83881C21B4EDEF00027169 /* CategoryDetailViewController+CategoryDetailView.swift in Sources */,
				2D6ECD1821ADF2230091E3F9 /* APIManager.swift in Sources */,
				2D9C115621ADDEA900A4B594 /* ListViewController.swift in Sources */,
				2D6ECD2421AE10D00091E3F9 /* ListViewModel.swift in Sources */,
				2D6ECD3921B250C40091E3F9 /* Utils.swift in Sources */,
				2D6ECD1A21ADF37C0091E3F9 /* CustomTypes.swift in Sources */,
				2D6ECD2E21AE3EC90091E3F9 /* CategoriesDetailViewModel.swift in Sources */,
				2D6ECD2821AE16D30091E3F9 /* ListViewController+ListView.swift in Sources */,
				2D6ECD2C21AE3BF80091E3F9 /* CategoryDetailViewController.swift in Sources */,
				2D6ECD2A21AE36B40091E3F9 /* CategoryDetail.swift in Sources */,
				2D6ECD3721B24E750091E3F9 /* Extensions.swift in Sources */,
				2D9C115421ADDEA900A4B594 /* AppDelegate.swift in Sources */,
				2D6ECD2621AE16C20091E3F9 /* ListViewController+TableView.swift in Sources */,
			);
			runOnlyForDeploymentPostprocessing = 0;
		};
/* End PBXSourcesBuildPhase section */

/* Begin PBXTargetDependency section */
		2D83881721B4B6F400027169 /* PBXTargetDependency */ = {
			isa = PBXTargetDependency;
			target = 2D9C114F21ADDEA900A4B594 /* ChuckNorris */;
			targetProxy = 2D83881621B4B6F400027169 /* PBXContainerItemProxy */;
		};
/* End PBXTargetDependency section */

/* Begin PBXVariantGroup section */
		2D9C115721ADDEA900A4B594 /* Main.storyboard */ = {
			isa = PBXVariantGroup;
			children = (
				2D9C115821ADDEA900A4B594 /* Base */,
			);
			name = Main.storyboard;
			sourceTree = "<group>";
		};
		2D9C115F21ADDEAB00A4B594 /* LaunchScreen.storyboard */ = {
			isa = PBXVariantGroup;
			children = (
				2D9C116021ADDEAB00A4B594 /* Base */,
			);
			name = LaunchScreen.storyboard;
			sourceTree = "<group>";
		};
/* End PBXVariantGroup section */

/* Begin XCBuildConfiguration section */
		2D83881921B4B6F400027169 /* Debug */ = {
			isa = XCBuildConfiguration;
			buildSettings = {
				BUNDLE_LOADER = "$(TEST_HOST)";
				CODE_SIGN_STYLE = Automatic;
				DEVELOPMENT_TEAM = M8UJX898RF;
				INFOPLIST_FILE = ChuckNorrisTests/Info.plist;
				LD_RUNPATH_SEARCH_PATHS = (
					"$(inherited)",
					"@executable_path/Frameworks",
					"@loader_path/Frameworks",
				);
				PRODUCT_BUNDLE_IDENTIFIER = br.com.alura.ChuckNorrisTests;
				PRODUCT_NAME = "$(TARGET_NAME)";
				SWIFT_VERSION = 4.2;
				TARGETED_DEVICE_FAMILY = "1,2";
				TEST_HOST = "$(BUILT_PRODUCTS_DIR)/ChuckNorris.app/ChuckNorris";
			};
			name = Debug;
		};
		2D83881A21B4B6F400027169 /* Release */ = {
			isa = XCBuildConfiguration;
			buildSettings = {
				BUNDLE_LOADER = "$(TEST_HOST)";
				CODE_SIGN_STYLE = Automatic;
				DEVELOPMENT_TEAM = M8UJX898RF;
				INFOPLIST_FILE = ChuckNorrisTests/Info.plist;
				LD_RUNPATH_SEARCH_PATHS = (
					"$(inherited)",
					"@executable_path/Frameworks",
					"@loader_path/Frameworks",
				);
				PRODUCT_BUNDLE_IDENTIFIER = br.com.alura.ChuckNorrisTests;
				PRODUCT_NAME = "$(TARGET_NAME)";
				SWIFT_VERSION = 4.2;
				TARGETED_DEVICE_FAMILY = "1,2";
				TEST_HOST = "$(BUILT_PRODUCTS_DIR)/ChuckNorris.app/ChuckNorris";
			};
			name = Release;
		};
		2D9C116321ADDEAB00A4B594 /* Debug */ = {
			isa = XCBuildConfiguration;
			buildSettings = {
				ALWAYS_SEARCH_USER_PATHS = NO;
				CLANG_ANALYZER_NONNULL = YES;
				CLANG_ANALYZER_NUMBER_OBJECT_CONVERSION = YES_AGGRESSIVE;
				CLANG_CXX_LANGUAGE_STANDARD = "gnu++14";
				CLANG_CXX_LIBRARY = "libc++";
				CLANG_ENABLE_MODULES = YES;
				CLANG_ENABLE_OBJC_ARC = YES;
				CLANG_ENABLE_OBJC_WEAK = YES;
				CLANG_WARN_BLOCK_CAPTURE_AUTORELEASING = YES;
				CLANG_WARN_BOOL_CONVERSION = YES;
				CLANG_WARN_COMMA = YES;
				CLANG_WARN_CONSTANT_CONVERSION = YES;
				CLANG_WARN_DEPRECATED_OBJC_IMPLEMENTATIONS = YES;
				CLANG_WARN_DIRECT_OBJC_ISA_USAGE = YES_ERROR;
				CLANG_WARN_DOCUMENTATION_COMMENTS = YES;
				CLANG_WARN_EMPTY_BODY = YES;
				CLANG_WARN_ENUM_CONVERSION = YES;
				CLANG_WARN_INFINITE_RECURSION = YES;
				CLANG_WARN_INT_CONVERSION = YES;
				CLANG_WARN_NON_LITERAL_NULL_CONVERSION = YES;
				CLANG_WARN_OBJC_IMPLICIT_RETAIN_SELF = YES;
				CLANG_WARN_OBJC_LITERAL_CONVERSION = YES;
				CLANG_WARN_OBJC_ROOT_CLASS = YES_ERROR;
				CLANG_WARN_RANGE_LOOP_ANALYSIS = YES;
				CLANG_WARN_STRICT_PROTOTYPES = YES;
				CLANG_WARN_SUSPICIOUS_MOVE = YES;
				CLANG_WARN_UNGUARDED_AVAILABILITY = YES_AGGRESSIVE;
				CLANG_WARN_UNREACHABLE_CODE = YES;
				CLANG_WARN__DUPLICATE_METHOD_MATCH = YES;
				CODE_SIGN_IDENTITY = "iPhone Developer";
				COPY_PHASE_STRIP = NO;
				DEBUG_INFORMATION_FORMAT = dwarf;
				ENABLE_STRICT_OBJC_MSGSEND = YES;
				ENABLE_TESTABILITY = YES;
				GCC_C_LANGUAGE_STANDARD = gnu11;
				GCC_DYNAMIC_NO_PIC = NO;
				GCC_NO_COMMON_BLOCKS = YES;
				GCC_OPTIMIZATION_LEVEL = 0;
				GCC_PREPROCESSOR_DEFINITIONS = (
					"DEBUG=1",
					"$(inherited)",
				);
				GCC_WARN_64_TO_32_BIT_CONVERSION = YES;
				GCC_WARN_ABOUT_RETURN_TYPE = YES_ERROR;
				GCC_WARN_UNDECLARED_SELECTOR = YES;
				GCC_WARN_UNINITIALIZED_AUTOS = YES_AGGRESSIVE;
				GCC_WARN_UNUSED_FUNCTION = YES;
				GCC_WARN_UNUSED_VARIABLE = YES;
				IPHONEOS_DEPLOYMENT_TARGET = 12.0;
				MTL_ENABLE_DEBUG_INFO = INCLUDE_SOURCE;
				MTL_FAST_MATH = YES;
				ONLY_ACTIVE_ARCH = YES;
				SDKROOT = iphoneos;
				SWIFT_ACTIVE_COMPILATION_CONDITIONS = DEBUG;
				SWIFT_OPTIMIZATION_LEVEL = "-Onone";
			};
			name = Debug;
		};
		2D9C116421ADDEAB00A4B594 /* Release */ = {
			isa = XCBuildConfiguration;
			buildSettings = {
				ALWAYS_SEARCH_USER_PATHS = NO;
				CLANG_ANALYZER_NONNULL = YES;
				CLANG_ANALYZER_NUMBER_OBJECT_CONVERSION = YES_AGGRESSIVE;
				CLANG_CXX_LANGUAGE_STANDARD = "gnu++14";
				CLANG_CXX_LIBRARY = "libc++";
				CLANG_ENABLE_MODULES = YES;
				CLANG_ENABLE_OBJC_ARC = YES;
				CLANG_ENABLE_OBJC_WEAK = YES;
				CLANG_WARN_BLOCK_CAPTURE_AUTORELEASING = YES;
				CLANG_WARN_BOOL_CONVERSION = YES;
				CLANG_WARN_COMMA = YES;
				CLANG_WARN_CONSTANT_CONVERSION = YES;
				CLANG_WARN_DEPRECATED_OBJC_IMPLEMENTATIONS = YES;
				CLANG_WARN_DIRECT_OBJC_ISA_USAGE = YES_ERROR;
				CLANG_WARN_DOCUMENTATION_COMMENTS = YES;
				CLANG_WARN_EMPTY_BODY = YES;
				CLANG_WARN_ENUM_CONVERSION = YES;
				CLANG_WARN_INFINITE_RECURSION = YES;
				CLANG_WARN_INT_CONVERSION = YES;
				CLANG_WARN_NON_LITERAL_NULL_CONVERSION = YES;
				CLANG_WARN_OBJC_IMPLICIT_RETAIN_SELF = YES;
				CLANG_WARN_OBJC_LITERAL_CONVERSION = YES;
				CLANG_WARN_OBJC_ROOT_CLASS = YES_ERROR;
				CLANG_WARN_RANGE_LOOP_ANALYSIS = YES;
				CLANG_WARN_STRICT_PROTOTYPES = YES;
				CLANG_WARN_SUSPICIOUS_MOVE = YES;
				CLANG_WARN_UNGUARDED_AVAILABILITY = YES_AGGRESSIVE;
				CLANG_WARN_UNREACHABLE_CODE = YES;
				CLANG_WARN__DUPLICATE_METHOD_MATCH = YES;
				CODE_SIGN_IDENTITY = "iPhone Developer";
				COPY_PHASE_STRIP = NO;
				DEBUG_INFORMATION_FORMAT = "dwarf-with-dsym";
				ENABLE_NS_ASSERTIONS = NO;
				ENABLE_STRICT_OBJC_MSGSEND = YES;
				GCC_C_LANGUAGE_STANDARD = gnu11;
				GCC_NO_COMMON_BLOCKS = YES;
				GCC_WARN_64_TO_32_BIT_CONVERSION = YES;
				GCC_WARN_ABOUT_RETURN_TYPE = YES_ERROR;
				GCC_WARN_UNDECLARED_SELECTOR = YES;
				GCC_WARN_UNINITIALIZED_AUTOS = YES_AGGRESSIVE;
				GCC_WARN_UNUSED_FUNCTION = YES;
				GCC_WARN_UNUSED_VARIABLE = YES;
				IPHONEOS_DEPLOYMENT_TARGET = 12.0;
				MTL_ENABLE_DEBUG_INFO = NO;
				MTL_FAST_MATH = YES;
				SDKROOT = iphoneos;
				SWIFT_COMPILATION_MODE = wholemodule;
				SWIFT_OPTIMIZATION_LEVEL = "-O";
				VALIDATE_PRODUCT = YES;
			};
			name = Release;
		};
		2D9C116621ADDEAB00A4B594 /* Debug */ = {
			isa = XCBuildConfiguration;
			baseConfigurationReference = FDC36CCAB6BD991DACDB4991 /* Pods-ChuckNorris.debug.xcconfig */;
			buildSettings = {
				ASSETCATALOG_COMPILER_APPICON_NAME = AppIcon;
				CODE_SIGN_STYLE = Automatic;
				DEVELOPMENT_TEAM = M8UJX898RF;
				INFOPLIST_FILE = "$(SRCROOT)/ChuckNorris/Supporting Files/Info.plist";
				LD_RUNPATH_SEARCH_PATHS = (
					"$(inherited)",
					"@executable_path/Frameworks",
				);
				PRODUCT_BUNDLE_IDENTIFIER = br.com.alura.ChuckNorris;
				PRODUCT_NAME = "$(TARGET_NAME)";
				SWIFT_VERSION = 4.2;
				TARGETED_DEVICE_FAMILY = "1,2";
			};
			name = Debug;
		};
		2D9C116721ADDEAB00A4B594 /* Release */ = {
			isa = XCBuildConfiguration;
			baseConfigurationReference = C25BC07F513695710E4D27FA /* Pods-ChuckNorris.release.xcconfig */;
			buildSettings = {
				ASSETCATALOG_COMPILER_APPICON_NAME = AppIcon;
				CODE_SIGN_STYLE = Automatic;
				DEVELOPMENT_TEAM = M8UJX898RF;
				INFOPLIST_FILE = "$(SRCROOT)/ChuckNorris/Supporting Files/Info.plist";
				LD_RUNPATH_SEARCH_PATHS = (
					"$(inherited)",
					"@executable_path/Frameworks",
				);
				PRODUCT_BUNDLE_IDENTIFIER = br.com.alura.ChuckNorris;
				PRODUCT_NAME = "$(TARGET_NAME)";
				SWIFT_VERSION = 4.2;
				TARGETED_DEVICE_FAMILY = "1,2";
			};
			name = Release;
		};
/* End XCBuildConfiguration section */

/* Begin XCConfigurationList section */
		2D83881821B4B6F400027169 /* Build configuration list for PBXNativeTarget "ChuckNorrisTests" */ = {
			isa = XCConfigurationList;
			buildConfigurations = (
				2D83881921B4B6F400027169 /* Debug */,
				2D83881A21B4B6F400027169 /* Release */,
			);
			defaultConfigurationIsVisible = 0;
			defaultConfigurationName = Release;
		};
		2D9C114B21ADDEA900A4B594 /* Build configuration list for PBXProject "ChuckNorris" */ = {
			isa = XCConfigurationList;
			buildConfigurations = (
				2D9C116321ADDEAB00A4B594 /* Debug */,
				2D9C116421ADDEAB00A4B594 /* Release */,
			);
			defaultConfigurationIsVisible = 0;
			defaultConfigurationName = Release;
		};
		2D9C116521ADDEAB00A4B594 /* Build configuration list for PBXNativeTarget "ChuckNorris" */ = {
			isa = XCConfigurationList;
			buildConfigurations = (
				2D9C116621ADDEAB00A4B594 /* Debug */,
				2D9C116721ADDEAB00A4B594 /* Release */,
			);
			defaultConfigurationIsVisible = 0;
			defaultConfigurationName = Release;
		};
/* End XCConfigurationList section */
	};
	rootObject = 2D9C114821ADDEA900A4B594 /* Project object */;
}
